
Microsoft Visual Studio Solution File, Format Version 12.00
# Visual Studio Version 17
VisualStudioVersion = 17.3.32825.248
MinimumVisualStudioVersion = 10.0.40219.1
Project("{FAE04EC0-301F-11D3-BF4B-00C04F79EFBC}") = "LH.Net.Mvc.Notifications", "LH.Net.Mvc.Notifications\LH.Net.Mvc.Notifications.csproj", "{A269BE8E-3B18-45C6-B2E1-52FB6FFEE493}"
EndProject
Global
	GlobalSection(SolutionConfigurationPlatforms) = preSolution
		Debug|Any CPU = Debug|Any CPU
		Release|Any CPU = Release|Any CPU
	EndGlobalSection
	GlobalSection(ProjectConfigurationPlatforms) = postSolution
		{A269BE8E-3B18-45C6-B2E1-52FB6FFEE493}.Debug|Any CPU.ActiveCfg = Debug|Any CPU
		{A269BE8E-3B18-45C6-B2E1-52FB6FFEE493}.Debug|Any CPU.Build.0 = Debug|Any CPU
		{A269BE8E-3B18-45C6-B2E1-52FB6FFEE493}.Release|Any CPU.ActiveCfg = Release|Any CPU
		{A269BE8E-3B18-45C6-B2E1-52FB6FFEE493}.Release|Any CPU.Build.0 = Release|Any CPU
	EndGlobalSection
	GlobalSection(SolutionProperties) = preSolution
		HideSolutionNode = FALSE
	EndGlobalSection
	GlobalSection(ExtensibilityGlobals) = postSolution
		SolutionGuid = {238DE4C4-03EA-423A-8D1E-B6D12377E0A9}
	EndGlobalSection
EndGlobal
